
Microsoft Visual Studio Solution File, Format Version 12.00
# Visual Studio Version 17
VisualStudioVersion = 17.6.33712.159
MinimumVisualStudioVersion = 10.0.40219.1
Project("{8BC9CEB8-8B4A-11D0-8D11-00A0C91BC942}") = "TRUNGHAUTO2", "TRUNGHAUTO2\TRUNGHAUTO2.vcxproj", "{E2590884-923C-4E18-95D7-2DB2A2AFCF39}"
EndProject
Project("{8BC9CEB8-8B4A-11D0-8D11-00A0C91BC942}") = "TRUNGHAUTO1", "TRUNGHAUTO1\TRUNGHAUTO1.vcxproj", "{4AB68FCC-DC1B-4AA2-86B3-5AB2A5C70C2D}"
EndProject
Project("{8BC9CEB8-8B4A-11D0-8D11-00A0C91BC942}") = "STACK1", "stack1\stack1.vcxproj", "{2F8AAAC2-854B-4C60-B4D2-1FB035A53286}"
EndProject
Project("{8BC9CEB8-8B4A-11D0-8D11-00A0C91BC942}") = "DOICS10_2", "DOICS10_2\DOICS10_2.vcxproj", "{E1A77C20-E43D-45CD-B502-9844A883ABD3}"
EndProject
Project("{8BC9CEB8-8B4A-11D0-8D11-00A0C91BC942}") = "QUEUE1", "QUEUE1\QUEUE1.vcxproj", "{35EEE649-1D9E-4949-AE08-74C03912034F}"
EndProject
Project("{8BC9CEB8-8B4A-11D0-8D11-00A0C91BC942}") = "TT_HT1", "TT_HT1\TT_HT1.vcxproj", "{6B13CF40-6425-473C-8D6F-FAAC05C5CBD7}"
EndProject
Project("{8BC9CEB8-8B4A-11D0-8D11-00A0C91BC942}") = "PALINDROME_STRING", "PALINDROME_STRING\PALINDROME_STRING.vcxproj", "{FF3193E0-A3DC-45A0-8883-540884FB5B97}"
EndProject
Project("{8BC9CEB8-8B4A-11D0-8D11-00A0C91BC942}") = "HAUTO", "HAUTO\HAUTO.vcxproj", "{55DD4471-1477-4572-BE65-340A2C623A37}"
EndProject
Project("{8BC9CEB8-8B4A-11D0-8D11-00A0C91BC942}") = "NGOACDUNG", "NGOACDUNG\NGOACDUNG.vcxproj", "{049BBE8F-078C-4640-B377-F10C7A6B1CD2}"
EndProject
Global
	GlobalSection(SolutionConfigurationPlatforms) = preSolution
		Debug|x64 = Debug|x64
		Debug|x86 = Debug|x86
		Release|x64 = Release|x64
		Release|x86 = Release|x86
	EndGlobalSection
	GlobalSection(ProjectConfigurationPlatforms) = postSolution
		{E2590884-923C-4E18-95D7-2DB2A2AFCF39}.Debug|x64.ActiveCfg = Debug|x64
		{E2590884-923C-4E18-95D7-2DB2A2AFCF39}.Debug|x64.Build.0 = Debug|x64
		{E2590884-923C-4E18-95D7-2DB2A2AFCF39}.Debug|x86.ActiveCfg = Debug|Win32
		{E2590884-923C-4E18-95D7-2DB2A2AFCF39}.Debug|x86.Build.0 = Debug|Win32
		{E2590884-923C-4E18-95D7-2DB2A2AFCF39}.Release|x64.ActiveCfg = Release|x64
		{E2590884-923C-4E18-95D7-2DB2A2AFCF39}.Release|x64.Build.0 = Release|x64
		{E2590884-923C-4E18-95D7-2DB2A2AFCF39}.Release|x86.ActiveCfg = Release|Win32
		{E2590884-923C-4E18-95D7-2DB2A2AFCF39}.Release|x86.Build.0 = Release|Win32
		{4AB68FCC-DC1B-4AA2-86B3-5AB2A5C70C2D}.Debug|x64.ActiveCfg = Debug|x64
		{4AB68FCC-DC1B-4AA2-86B3-5AB2A5C70C2D}.Debug|x64.Build.0 = Debug|x64
		{4AB68FCC-DC1B-4AA2-86B3-5AB2A5C70C2D}.Debug|x86.ActiveCfg = Debug|Win32
		{4AB68FCC-DC1B-4AA2-86B3-5AB2A5C70C2D}.Debug|x86.Build.0 = Debug|Win32
		{4AB68FCC-DC1B-4AA2-86B3-5AB2A5C70C2D}.Release|x64.ActiveCfg = Release|x64
		{4AB68FCC-DC1B-4AA2-86B3-5AB2A5C70C2D}.Release|x64.Build.0 = Release|x64
		{4AB68FCC-DC1B-4AA2-86B3-5AB2A5C70C2D}.Release|x86.ActiveCfg = Release|Win32
		{4AB68FCC-DC1B-4AA2-86B3-5AB2A5C70C2D}.Release|x86.Build.0 = Release|Win32
		{2F8AAAC2-854B-4C60-B4D2-1FB035A53286}.Debug|x64.ActiveCfg = Debug|x64
		{2F8AAAC2-854B-4C60-B4D2-1FB035A53286}.Debug|x64.Build.0 = Debug|x64
		{2F8AAAC2-854B-4C60-B4D2-1FB035A53286}.Debug|x86.ActiveCfg = Debug|Win32
		{2F8AAAC2-854B-4C60-B4D2-1FB035A53286}.Debug|x86.Build.0 = Debug|Win32
		{2F8AAAC2-854B-4C60-B4D2-1FB035A53286}.Release|x64.ActiveCfg = Release|x64
		{2F8AAAC2-854B-4C60-B4D2-1FB035A53286}.Release|x64.Build.0 = Release|x64
		{2F8AAAC2-854B-4C60-B4D2-1FB035A53286}.Release|x86.ActiveCfg = Release|Win32
		{2F8AAAC2-854B-4C60-B4D2-1FB035A53286}.Release|x86.Build.0 = Release|Win32
		{E1A77C20-E43D-45CD-B502-9844A883ABD3}.Debug|x64.ActiveCfg = Debug|x64
		{E1A77C20-E43D-45CD-B502-9844A883ABD3}.Debug|x64.Build.0 = Debug|x64
		{E1A77C20-E43D-45CD-B502-9844A883ABD3}.Debug|x86.ActiveCfg = Debug|Win32
		{E1A77C20-E43D-45CD-B502-9844A883ABD3}.Debug|x86.Build.0 = Debug|Win32
		{E1A77C20-E43D-45CD-B502-9844A883ABD3}.Release|x64.ActiveCfg = Release|x64
		{E1A77C20-E43D-45CD-B502-9844A883ABD3}.Release|x64.Build.0 = Release|x64
		{E1A77C20-E43D-45CD-B502-9844A883ABD3}.Release|x86.ActiveCfg = Release|Win32
		{E1A77C20-E43D-45CD-B502-9844A883ABD3}.Release|x86.Build.0 = Release|Win32
		{35EEE649-1D9E-4949-AE08-74C03912034F}.Debug|x64.ActiveCfg = Debug|x64
		{35EEE649-1D9E-4949-AE08-74C03912034F}.Debug|x64.Build.0 = Debug|x64
		{35EEE649-1D9E-4949-AE08-74C03912034F}.Debug|x86.ActiveCfg = Debug|Win32
		{35EEE649-1D9E-4949-AE08-74C03912034F}.Debug|x86.Build.0 = Debug|Win32
		{35EEE649-1D9E-4949-AE08-74C03912034F}.Release|x64.ActiveCfg = Release|x64
		{35EEE649-1D9E-4949-AE08-74C03912034F}.Release|x64.Build.0 = Release|x64
		{35EEE649-1D9E-4949-AE08-74C03912034F}.Release|x86.ActiveCfg = Release|Win32
		{35EEE649-1D9E-4949-AE08-74C03912034F}.Release|x86.Build.0 = Release|Win32
		{6B13CF40-6425-473C-8D6F-FAAC05C5CBD7}.Debug|x64.ActiveCfg = Debug|x64
		{6B13CF40-6425-473C-8D6F-FAAC05C5CBD7}.Debug|x64.Build.0 = Debug|x64
		{6B13CF40-6425-473C-8D6F-FAAC05C5CBD7}.Debug|x86.ActiveCfg = Debug|Win32
		{6B13CF40-6425-473C-8D6F-FAAC05C5CBD7}.Debug|x86.Build.0 = Debug|Win32
		{6B13CF40-6425-473C-8D6F-FAAC05C5CBD7}.Release|x64.ActiveCfg = Release|x64
		{6B13CF40-6425-473C-8D6F-FAAC05C5CBD7}.Release|x64.Build.0 = Release|x64
		{6B13CF40-6425-473C-8D6F-FAAC05C5CBD7}.Release|x86.ActiveCfg = Release|Win32
		{6B13CF40-6425-473C-8D6F-FAAC05C5CBD7}.Release|x86.Build.0 = Release|Win32
		{FF3193E0-A3DC-45A0-8883-540884FB5B97}.Debug|x64.ActiveCfg = Debug|x64
		{FF3193E0-A3DC-45A0-8883-540884FB5B97}.Debug|x64.Build.0 = Debug|x64
		{FF3193E0-A3DC-45A0-8883-540884FB5B97}.Debug|x86.ActiveCfg = Debug|Win32
		{FF3193E0-A3DC-45A0-8883-540884FB5B97}.Debug|x86.Build.0 = Debug|Win32
		{FF3193E0-A3DC-45A0-8883-540884FB5B97}.Release|x64.ActiveCfg = Release|x64
		{FF3193E0-A3DC-45A0-8883-540884FB5B97}.Release|x64.Build.0 = Release|x64
		{FF3193E0-A3DC-45A0-8883-540884FB5B97}.Release|x86.ActiveCfg = Release|Win32
		{FF3193E0-A3DC-45A0-8883-540884FB5B97}.Release|x86.Build.0 = Release|Win32
		{55DD4471-1477-4572-BE65-340A2C623A37}.Debug|x64.ActiveCfg = Debug|x64
		{55DD4471-1477-4572-BE65-340A2C623A37}.Debug|x64.Build.0 = Debug|x64
		{55DD4471-1477-4572-BE65-340A2C623A37}.Debug|x86.ActiveCfg = Debug|Win32
		{55DD4471-1477-4572-BE65-340A2C623A37}.Debug|x86.Build.0 = Debug|Win32
		{55DD4471-1477-4572-BE65-340A2C623A37}.Release|x64.ActiveCfg = Release|x64
		{55DD4471-1477-4572-BE65-340A2C623A37}.Release|x64.Build.0 = Release|x64
		{55DD4471-1477-4572-BE65-340A2C623A37}.Release|x86.ActiveCfg = Release|Win32
		{55DD4471-1477-4572-BE65-340A2C623A37}.Release|x86.Build.0 = Release|Win32
		{049BBE8F-078C-4640-B377-F10C7A6B1CD2}.Debug|x64.ActiveCfg = Debug|x64
		{049BBE8F-078C-4640-B377-F10C7A6B1CD2}.Debug|x64.Build.0 = Debug|x64
		{049BBE8F-078C-4640-B377-F10C7A6B1CD2}.Debug|x86.ActiveCfg = Debug|Win32
		{049BBE8F-078C-4640-B377-F10C7A6B1CD2}.Debug|x86.Build.0 = Debug|Win32
		{049BBE8F-078C-4640-B377-F10C7A6B1CD2}.Release|x64.ActiveCfg = Release|x64
		{049BBE8F-078C-4640-B377-F10C7A6B1CD2}.Release|x64.Build.0 = Release|x64
		{049BBE8F-078C-4640-B377-F10C7A6B1CD2}.Release|x86.ActiveCfg = Release|Win32
		{049BBE8F-078C-4640-B377-F10C7A6B1CD2}.Release|x86.Build.0 = Release|Win32
	EndGlobalSection
	GlobalSection(SolutionProperties) = preSolution
		HideSolutionNode = FALSE
	EndGlobalSection
	GlobalSection(ExtensibilityGlobals) = postSolution
		SolutionGuid = {6C75BBEA-B584-4C90-8CDA-314CBC8384C5}
	EndGlobalSection
EndGlobal
