
Microsoft Visual Studio Solution File, Format Version 12.00
# Visual Studio Version 16
VisualStudioVersion = 16.0.33328.57
MinimumVisualStudioVersion = 10.0.40219.1
Project("{8BC9CEB8-8B4A-11D0-8D11-00A0C91BC942}") = "1.01 QTaiPSo", "1.01 QTaiPSo\1.01 QTaiPSo.vcxproj", "{CFCDC674-073E-46F3-875E-9F56742104C4}"
EndProject
Project("{8BC9CEB8-8B4A-11D0-8D11-00A0C91BC942}") = "1.02 QTaiMang", "1.02 QTaiMang\1.02 QTaiMang.vcxproj", "{F600CE57-D715-4B69-A062-648F586AF340}"
EndProject
Project("{8BC9CEB8-8B4A-11D0-8D11-00A0C91BC942}") = "DATHUC", "DATHUC\DATHUC.vcxproj", "{736C5B35-FCC7-469B-87B8-03EBB3D3E5F8}"
EndProject
Project("{8BC9CEB8-8B4A-11D0-8D11-00A0C91BC942}") = "PhanSo2", "PhanSo2\PhanSo2.vcxproj", "{723E366E-21FB-4E9B-9A11-668627901C15}"
EndProject
Project("{8BC9CEB8-8B4A-11D0-8D11-00A0C91BC942}") = "XUATDIEM", "XUATDIEM\XUATDIEM.vcxproj", "{292C9A37-E583-4BEF-BFE2-46B627A22236}"
EndProject
Project("{8BC9CEB8-8B4A-11D0-8D11-00A0C91BC942}") = "TGIAC", "TGIAC\TGIAC.vcxproj", "{CA36B301-E511-4C96-BB4C-B0326AE22D9F}"
EndProject
Project("{8BC9CEB8-8B4A-11D0-8D11-00A0C91BC942}") = "PSOHONSO", "PSOHONSO\PSOHONSO.vcxproj", "{DDD8637E-EB66-4907-ABF5-65517C4EA547}"
EndProject
Project("{8BC9CEB8-8B4A-11D0-8D11-00A0C91BC942}") = "PHANSO5", "PHANSO5\PHANSO5.vcxproj", "{FA5EF813-0847-4A90-AEC9-5D509AF6F80C}"
EndProject
Project("{8BC9CEB8-8B4A-11D0-8D11-00A0C91BC942}") = "SOMOI", "SOMOI\SOMOI.vcxproj", "{BE91A919-1A3E-422D-BD94-E3482D6AB60C}"
EndProject
Project("{8BC9CEB8-8B4A-11D0-8D11-00A0C91BC942}") = "QTaiMang2", "QTaiMang2\QTaiMang2.vcxproj", "{8EF92997-FE44-4486-86E3-B540A23BA6DF}"
EndProject
Project("{8BC9CEB8-8B4A-11D0-8D11-00A0C91BC942}") = "HCN", "HCN\HCN.vcxproj", "{B9964F0D-F114-470D-8BD0-14FDBFA5C364}"
EndProject
Project("{8BC9CEB8-8B4A-11D0-8D11-00A0C91BC942}") = "COMPLEX_NUMBER", "COMPLEX_NUMBER\COMPLEX_NUMBER.vcxproj", "{ADE5A42F-1D19-456F-8A61-89487ED677D5}"
EndProject
Project("{8BC9CEB8-8B4A-11D0-8D11-00A0C91BC942}") = "DATHUC3", "DATHUC3\DATHUC3.vcxproj", "{AFACF8B2-4178-4764-91B3-0B61F1985088}"
EndProject
Project("{8BC9CEB8-8B4A-11D0-8D11-00A0C91BC942}") = "SODAO", "SODAO\SODAO.vcxproj", "{D109D1CE-3380-4F3B-8B5A-0189D73452B3}"
EndProject
Project("{8BC9CEB8-8B4A-11D0-8D11-00A0C91BC942}") = "DTRON", "DTRON\DTRON.vcxproj", "{932D93A6-7A52-4AC8-AC48-35D4831E1131}"
EndProject
Project("{8BC9CEB8-8B4A-11D0-8D11-00A0C91BC942}") = "SOCHANLE", "SOCHANLE\SOCHANLE.vcxproj", "{42D9FD0F-7769-4616-ADF0-62D76BD7432E}"
EndProject
Project("{8BC9CEB8-8B4A-11D0-8D11-00A0C91BC942}") = "Operator01", "operator01\operator01.vcxproj", "{50F94D0B-E6ED-442C-9C55-11C66E20B947}"
EndProject
Project("{8BC9CEB8-8B4A-11D0-8D11-00A0C91BC942}") = "DAOHAM", "DAOHAM\DAOHAM.vcxproj", "{9E13181B-AC8A-4570-8433-C63C41A34012}"
EndProject
Project("{8BC9CEB8-8B4A-11D0-8D11-00A0C91BC942}") = "DTHANG", "DTHANG\DTHANG.vcxproj", "{17D9D029-5479-41A5-A925-C6C78B4C8365}"
EndProject
Global
	GlobalSection(SolutionConfigurationPlatforms) = preSolution
		Debug|x64 = Debug|x64
		Debug|x86 = Debug|x86
		Release|x64 = Release|x64
		Release|x86 = Release|x86
	EndGlobalSection
	GlobalSection(ProjectConfigurationPlatforms) = postSolution
		{CFCDC674-073E-46F3-875E-9F56742104C4}.Debug|x64.ActiveCfg = Debug|x64
		{CFCDC674-073E-46F3-875E-9F56742104C4}.Debug|x64.Build.0 = Debug|x64
		{CFCDC674-073E-46F3-875E-9F56742104C4}.Debug|x86.ActiveCfg = Debug|Win32
		{CFCDC674-073E-46F3-875E-9F56742104C4}.Debug|x86.Build.0 = Debug|Win32
		{CFCDC674-073E-46F3-875E-9F56742104C4}.Release|x64.ActiveCfg = Release|x64
		{CFCDC674-073E-46F3-875E-9F56742104C4}.Release|x64.Build.0 = Release|x64
		{CFCDC674-073E-46F3-875E-9F56742104C4}.Release|x86.ActiveCfg = Release|Win32
		{CFCDC674-073E-46F3-875E-9F56742104C4}.Release|x86.Build.0 = Release|Win32
		{F600CE57-D715-4B69-A062-648F586AF340}.Debug|x64.ActiveCfg = Debug|x64
		{F600CE57-D715-4B69-A062-648F586AF340}.Debug|x64.Build.0 = Debug|x64
		{F600CE57-D715-4B69-A062-648F586AF340}.Debug|x86.ActiveCfg = Debug|Win32
		{F600CE57-D715-4B69-A062-648F586AF340}.Debug|x86.Build.0 = Debug|Win32
		{F600CE57-D715-4B69-A062-648F586AF340}.Release|x64.ActiveCfg = Release|x64
		{F600CE57-D715-4B69-A062-648F586AF340}.Release|x64.Build.0 = Release|x64
		{F600CE57-D715-4B69-A062-648F586AF340}.Release|x86.ActiveCfg = Release|Win32
		{F600CE57-D715-4B69-A062-648F586AF340}.Release|x86.Build.0 = Release|Win32
		{736C5B35-FCC7-469B-87B8-03EBB3D3E5F8}.Debug|x64.ActiveCfg = Debug|x64
		{736C5B35-FCC7-469B-87B8-03EBB3D3E5F8}.Debug|x64.Build.0 = Debug|x64
		{736C5B35-FCC7-469B-87B8-03EBB3D3E5F8}.Debug|x86.ActiveCfg = Debug|Win32
		{736C5B35-FCC7-469B-87B8-03EBB3D3E5F8}.Debug|x86.Build.0 = Debug|Win32
		{736C5B35-FCC7-469B-87B8-03EBB3D3E5F8}.Release|x64.ActiveCfg = Release|x64
		{736C5B35-FCC7-469B-87B8-03EBB3D3E5F8}.Release|x64.Build.0 = Release|x64
		{736C5B35-FCC7-469B-87B8-03EBB3D3E5F8}.Release|x86.ActiveCfg = Release|Win32
		{736C5B35-FCC7-469B-87B8-03EBB3D3E5F8}.Release|x86.Build.0 = Release|Win32
		{723E366E-21FB-4E9B-9A11-668627901C15}.Debug|x64.ActiveCfg = Debug|x64
		{723E366E-21FB-4E9B-9A11-668627901C15}.Debug|x64.Build.0 = Debug|x64
		{723E366E-21FB-4E9B-9A11-668627901C15}.Debug|x86.ActiveCfg = Debug|Win32
		{723E366E-21FB-4E9B-9A11-668627901C15}.Debug|x86.Build.0 = Debug|Win32
		{723E366E-21FB-4E9B-9A11-668627901C15}.Release|x64.ActiveCfg = Release|x64
		{723E366E-21FB-4E9B-9A11-668627901C15}.Release|x64.Build.0 = Release|x64
		{723E366E-21FB-4E9B-9A11-668627901C15}.Release|x86.ActiveCfg = Release|Win32
		{723E366E-21FB-4E9B-9A11-668627901C15}.Release|x86.Build.0 = Release|Win32
		{292C9A37-E583-4BEF-BFE2-46B627A22236}.Debug|x64.ActiveCfg = Debug|x64
		{292C9A37-E583-4BEF-BFE2-46B627A22236}.Debug|x64.Build.0 = Debug|x64
		{292C9A37-E583-4BEF-BFE2-46B627A22236}.Debug|x86.ActiveCfg = Debug|Win32
		{292C9A37-E583-4BEF-BFE2-46B627A22236}.Debug|x86.Build.0 = Debug|Win32
		{292C9A37-E583-4BEF-BFE2-46B627A22236}.Release|x64.ActiveCfg = Release|x64
		{292C9A37-E583-4BEF-BFE2-46B627A22236}.Release|x64.Build.0 = Release|x64
		{292C9A37-E583-4BEF-BFE2-46B627A22236}.Release|x86.ActiveCfg = Release|Win32
		{292C9A37-E583-4BEF-BFE2-46B627A22236}.Release|x86.Build.0 = Release|Win32
		{CA36B301-E511-4C96-BB4C-B0326AE22D9F}.Debug|x64.ActiveCfg = Debug|x64
		{CA36B301-E511-4C96-BB4C-B0326AE22D9F}.Debug|x64.Build.0 = Debug|x64
		{CA36B301-E511-4C96-BB4C-B0326AE22D9F}.Debug|x86.ActiveCfg = Debug|Win32
		{CA36B301-E511-4C96-BB4C-B0326AE22D9F}.Debug|x86.Build.0 = Debug|Win32
		{CA36B301-E511-4C96-BB4C-B0326AE22D9F}.Release|x64.ActiveCfg = Release|x64
		{CA36B301-E511-4C96-BB4C-B0326AE22D9F}.Release|x64.Build.0 = Release|x64
		{CA36B301-E511-4C96-BB4C-B0326AE22D9F}.Release|x86.ActiveCfg = Release|Win32
		{CA36B301-E511-4C96-BB4C-B0326AE22D9F}.Release|x86.Build.0 = Release|Win32
		{DDD8637E-EB66-4907-ABF5-65517C4EA547}.Debug|x64.ActiveCfg = Debug|x64
		{DDD8637E-EB66-4907-ABF5-65517C4EA547}.Debug|x64.Build.0 = Debug|x64
		{DDD8637E-EB66-4907-ABF5-65517C4EA547}.Debug|x86.ActiveCfg = Debug|Win32
		{DDD8637E-EB66-4907-ABF5-65517C4EA547}.Debug|x86.Build.0 = Debug|Win32
		{DDD8637E-EB66-4907-ABF5-65517C4EA547}.Release|x64.ActiveCfg = Release|x64
		{DDD8637E-EB66-4907-ABF5-65517C4EA547}.Release|x64.Build.0 = Release|x64
		{DDD8637E-EB66-4907-ABF5-65517C4EA547}.Release|x86.ActiveCfg = Release|Win32
		{DDD8637E-EB66-4907-ABF5-65517C4EA547}.Release|x86.Build.0 = Release|Win32
		{FA5EF813-0847-4A90-AEC9-5D509AF6F80C}.Debug|x64.ActiveCfg = Debug|x64
		{FA5EF813-0847-4A90-AEC9-5D509AF6F80C}.Debug|x64.Build.0 = Debug|x64
		{FA5EF813-0847-4A90-AEC9-5D509AF6F80C}.Debug|x86.ActiveCfg = Debug|Win32
		{FA5EF813-0847-4A90-AEC9-5D509AF6F80C}.Debug|x86.Build.0 = Debug|Win32
		{FA5EF813-0847-4A90-AEC9-5D509AF6F80C}.Release|x64.ActiveCfg = Release|x64
		{FA5EF813-0847-4A90-AEC9-5D509AF6F80C}.Release|x64.Build.0 = Release|x64
		{FA5EF813-0847-4A90-AEC9-5D509AF6F80C}.Release|x86.ActiveCfg = Release|Win32
		{FA5EF813-0847-4A90-AEC9-5D509AF6F80C}.Release|x86.Build.0 = Release|Win32
		{BE91A919-1A3E-422D-BD94-E3482D6AB60C}.Debug|x64.ActiveCfg = Debug|x64
		{BE91A919-1A3E-422D-BD94-E3482D6AB60C}.Debug|x64.Build.0 = Debug|x64
		{BE91A919-1A3E-422D-BD94-E3482D6AB60C}.Debug|x86.ActiveCfg = Debug|Win32
		{BE91A919-1A3E-422D-BD94-E3482D6AB60C}.Debug|x86.Build.0 = Debug|Win32
		{BE91A919-1A3E-422D-BD94-E3482D6AB60C}.Release|x64.ActiveCfg = Release|x64
		{BE91A919-1A3E-422D-BD94-E3482D6AB60C}.Release|x64.Build.0 = Release|x64
		{BE91A919-1A3E-422D-BD94-E3482D6AB60C}.Release|x86.ActiveCfg = Release|Win32
		{BE91A919-1A3E-422D-BD94-E3482D6AB60C}.Release|x86.Build.0 = Release|Win32
		{8EF92997-FE44-4486-86E3-B540A23BA6DF}.Debug|x64.ActiveCfg = Debug|x64
		{8EF92997-FE44-4486-86E3-B540A23BA6DF}.Debug|x64.Build.0 = Debug|x64
		{8EF92997-FE44-4486-86E3-B540A23BA6DF}.Debug|x86.ActiveCfg = Debug|Win32
		{8EF92997-FE44-4486-86E3-B540A23BA6DF}.Debug|x86.Build.0 = Debug|Win32
		{8EF92997-FE44-4486-86E3-B540A23BA6DF}.Release|x64.ActiveCfg = Release|x64
		{8EF92997-FE44-4486-86E3-B540A23BA6DF}.Release|x64.Build.0 = Release|x64
		{8EF92997-FE44-4486-86E3-B540A23BA6DF}.Release|x86.ActiveCfg = Release|Win32
		{8EF92997-FE44-4486-86E3-B540A23BA6DF}.Release|x86.Build.0 = Release|Win32
		{B9964F0D-F114-470D-8BD0-14FDBFA5C364}.Debug|x64.ActiveCfg = Debug|x64
		{B9964F0D-F114-470D-8BD0-14FDBFA5C364}.Debug|x64.Build.0 = Debug|x64
		{B9964F0D-F114-470D-8BD0-14FDBFA5C364}.Debug|x86.ActiveCfg = Debug|Win32
		{B9964F0D-F114-470D-8BD0-14FDBFA5C364}.Debug|x86.Build.0 = Debug|Win32
		{B9964F0D-F114-470D-8BD0-14FDBFA5C364}.Release|x64.ActiveCfg = Release|x64
		{B9964F0D-F114-470D-8BD0-14FDBFA5C364}.Release|x64.Build.0 = Release|x64
		{B9964F0D-F114-470D-8BD0-14FDBFA5C364}.Release|x86.ActiveCfg = Release|Win32
		{B9964F0D-F114-470D-8BD0-14FDBFA5C364}.Release|x86.Build.0 = Release|Win32
		{ADE5A42F-1D19-456F-8A61-89487ED677D5}.Debug|x64.ActiveCfg = Debug|x64
		{ADE5A42F-1D19-456F-8A61-89487ED677D5}.Debug|x64.Build.0 = Debug|x64
		{ADE5A42F-1D19-456F-8A61-89487ED677D5}.Debug|x86.ActiveCfg = Debug|Win32
		{ADE5A42F-1D19-456F-8A61-89487ED677D5}.Debug|x86.Build.0 = Debug|Win32
		{ADE5A42F-1D19-456F-8A61-89487ED677D5}.Release|x64.ActiveCfg = Release|x64
		{ADE5A42F-1D19-456F-8A61-89487ED677D5}.Release|x64.Build.0 = Release|x64
		{ADE5A42F-1D19-456F-8A61-89487ED677D5}.Release|x86.ActiveCfg = Release|Win32
		{ADE5A42F-1D19-456F-8A61-89487ED677D5}.Release|x86.Build.0 = Release|Win32
		{AFACF8B2-4178-4764-91B3-0B61F1985088}.Debug|x64.ActiveCfg = Debug|x64
		{AFACF8B2-4178-4764-91B3-0B61F1985088}.Debug|x64.Build.0 = Debug|x64
		{AFACF8B2-4178-4764-91B3-0B61F1985088}.Debug|x86.ActiveCfg = Debug|Win32
		{AFACF8B2-4178-4764-91B3-0B61F1985088}.Debug|x86.Build.0 = Debug|Win32
		{AFACF8B2-4178-4764-91B3-0B61F1985088}.Release|x64.ActiveCfg = Release|x64
		{AFACF8B2-4178-4764-91B3-0B61F1985088}.Release|x64.Build.0 = Release|x64
		{AFACF8B2-4178-4764-91B3-0B61F1985088}.Release|x86.ActiveCfg = Release|Win32
		{AFACF8B2-4178-4764-91B3-0B61F1985088}.Release|x86.Build.0 = Release|Win32
		{D109D1CE-3380-4F3B-8B5A-0189D73452B3}.Debug|x64.ActiveCfg = Debug|x64
		{D109D1CE-3380-4F3B-8B5A-0189D73452B3}.Debug|x64.Build.0 = Debug|x64
		{D109D1CE-3380-4F3B-8B5A-0189D73452B3}.Debug|x86.ActiveCfg = Debug|Win32
		{D109D1CE-3380-4F3B-8B5A-0189D73452B3}.Debug|x86.Build.0 = Debug|Win32
		{D109D1CE-3380-4F3B-8B5A-0189D73452B3}.Release|x64.ActiveCfg = Release|x64
		{D109D1CE-3380-4F3B-8B5A-0189D73452B3}.Release|x64.Build.0 = Release|x64
		{D109D1CE-3380-4F3B-8B5A-0189D73452B3}.Release|x86.ActiveCfg = Release|Win32
		{D109D1CE-3380-4F3B-8B5A-0189D73452B3}.Release|x86.Build.0 = Release|Win32
		{932D93A6-7A52-4AC8-AC48-35D4831E1131}.Debug|x64.ActiveCfg = Debug|x64
		{932D93A6-7A52-4AC8-AC48-35D4831E1131}.Debug|x64.Build.0 = Debug|x64
		{932D93A6-7A52-4AC8-AC48-35D4831E1131}.Debug|x86.ActiveCfg = Debug|Win32
		{932D93A6-7A52-4AC8-AC48-35D4831E1131}.Debug|x86.Build.0 = Debug|Win32
		{932D93A6-7A52-4AC8-AC48-35D4831E1131}.Release|x64.ActiveCfg = Release|x64
		{932D93A6-7A52-4AC8-AC48-35D4831E1131}.Release|x64.Build.0 = Release|x64
		{932D93A6-7A52-4AC8-AC48-35D4831E1131}.Release|x86.ActiveCfg = Release|Win32
		{932D93A6-7A52-4AC8-AC48-35D4831E1131}.Release|x86.Build.0 = Release|Win32
		{42D9FD0F-7769-4616-ADF0-62D76BD7432E}.Debug|x64.ActiveCfg = Debug|x64
		{42D9FD0F-7769-4616-ADF0-62D76BD7432E}.Debug|x64.Build.0 = Debug|x64
		{42D9FD0F-7769-4616-ADF0-62D76BD7432E}.Debug|x86.ActiveCfg = Debug|Win32
		{42D9FD0F-7769-4616-ADF0-62D76BD7432E}.Debug|x86.Build.0 = Debug|Win32
		{42D9FD0F-7769-4616-ADF0-62D76BD7432E}.Release|x64.ActiveCfg = Release|x64
		{42D9FD0F-7769-4616-ADF0-62D76BD7432E}.Release|x64.Build.0 = Release|x64
		{42D9FD0F-7769-4616-ADF0-62D76BD7432E}.Release|x86.ActiveCfg = Release|Win32
		{42D9FD0F-7769-4616-ADF0-62D76BD7432E}.Release|x86.Build.0 = Release|Win32
		{50F94D0B-E6ED-442C-9C55-11C66E20B947}.Debug|x64.ActiveCfg = Debug|x64
		{50F94D0B-E6ED-442C-9C55-11C66E20B947}.Debug|x64.Build.0 = Debug|x64
		{50F94D0B-E6ED-442C-9C55-11C66E20B947}.Debug|x86.ActiveCfg = Debug|Win32
		{50F94D0B-E6ED-442C-9C55-11C66E20B947}.Debug|x86.Build.0 = Debug|Win32
		{50F94D0B-E6ED-442C-9C55-11C66E20B947}.Release|x64.ActiveCfg = Release|x64
		{50F94D0B-E6ED-442C-9C55-11C66E20B947}.Release|x64.Build.0 = Release|x64
		{50F94D0B-E6ED-442C-9C55-11C66E20B947}.Release|x86.ActiveCfg = Release|Win32
		{50F94D0B-E6ED-442C-9C55-11C66E20B947}.Release|x86.Build.0 = Release|Win32
		{9E13181B-AC8A-4570-8433-C63C41A34012}.Debug|x64.ActiveCfg = Debug|x64
		{9E13181B-AC8A-4570-8433-C63C41A34012}.Debug|x64.Build.0 = Debug|x64
		{9E13181B-AC8A-4570-8433-C63C41A34012}.Debug|x86.ActiveCfg = Debug|Win32
		{9E13181B-AC8A-4570-8433-C63C41A34012}.Debug|x86.Build.0 = Debug|Win32
		{9E13181B-AC8A-4570-8433-C63C41A34012}.Release|x64.ActiveCfg = Release|x64
		{9E13181B-AC8A-4570-8433-C63C41A34012}.Release|x64.Build.0 = Release|x64
		{9E13181B-AC8A-4570-8433-C63C41A34012}.Release|x86.ActiveCfg = Release|Win32
		{9E13181B-AC8A-4570-8433-C63C41A34012}.Release|x86.Build.0 = Release|Win32
		{17D9D029-5479-41A5-A925-C6C78B4C8365}.Debug|x64.ActiveCfg = Debug|x64
		{17D9D029-5479-41A5-A925-C6C78B4C8365}.Debug|x64.Build.0 = Debug|x64
		{17D9D029-5479-41A5-A925-C6C78B4C8365}.Debug|x86.ActiveCfg = Debug|Win32
		{17D9D029-5479-41A5-A925-C6C78B4C8365}.Debug|x86.Build.0 = Debug|Win32
		{17D9D029-5479-41A5-A925-C6C78B4C8365}.Release|x64.ActiveCfg = Release|x64
		{17D9D029-5479-41A5-A925-C6C78B4C8365}.Release|x64.Build.0 = Release|x64
		{17D9D029-5479-41A5-A925-C6C78B4C8365}.Release|x86.ActiveCfg = Release|Win32
		{17D9D029-5479-41A5-A925-C6C78B4C8365}.Release|x86.Build.0 = Release|Win32
	EndGlobalSection
	GlobalSection(SolutionProperties) = preSolution
		HideSolutionNode = FALSE
	EndGlobalSection
	GlobalSection(ExtensibilityGlobals) = postSolution
		SolutionGuid = {485F97FF-9674-4953-8CD6-E7B75AF3F96A}
	EndGlobalSection
EndGlobal
