
Microsoft Visual Studio Solution File, Format Version 12.00
# Visual Studio Version 16
VisualStudioVersion = 16.0.33328.57
MinimumVisualStudioVersion = 10.0.40219.1
Project("{8BC9CEB8-8B4A-11D0-8D11-00A0C91BC942}") = "TEMPLATESOMOI", "Template\Template.vcxproj", "{1E7202BF-D99B-44F1-B8DE-21B3FB0B35D6}"
EndProject
Project("{8BC9CEB8-8B4A-11D0-8D11-00A0C91BC942}") = "TEMPLATEHCN", "TEMPLATEHCN\TEMPLATEHCN.vcxproj", "{9805B6F4-889C-47B1-BCC3-BADC6772B31E}"
EndProject
Project("{8BC9CEB8-8B4A-11D0-8D11-00A0C91BC942}") = "TEMP_M1C", "TEMP_M1C\TEMP_M1C.vcxproj", "{7DFF0C9E-2B02-46F7-84F7-8F8862BFE3DA}"
EndProject
Project("{8BC9CEB8-8B4A-11D0-8D11-00A0C91BC942}") = "TEMPLATE1", "TEMPLATE1\TEMPLATE1.vcxproj", "{930606A1-EC1D-49B7-AE5F-735F377DEBB0}"
EndProject
Project("{8BC9CEB8-8B4A-11D0-8D11-00A0C91BC942}") = "KhuonHinhTong", "KhuonHinhTong\KhuonHinhTong.vcxproj", "{D1F47447-874F-41AB-9A9B-9CD4AAE1C2FE}"
EndProject
Project("{8BC9CEB8-8B4A-11D0-8D11-00A0C91BC942}") = "KhuonHinh3", "KhuonHinh3\KhuonHinh3.vcxproj", "{D3473758-9E39-44CB-B16B-9DEE167A2276}"
EndProject
Project("{8BC9CEB8-8B4A-11D0-8D11-00A0C91BC942}") = "Template2", "Template2\Template2.vcxproj", "{20BD3954-1514-4A3F-B8BC-AB4D97760B15}"
EndProject
Project("{8BC9CEB8-8B4A-11D0-8D11-00A0C91BC942}") = "KhuonHinhSS", "KhuonHinhSS\KhuonHinhSS.vcxproj", "{AC7D28C8-5314-4E62-9E6C-CE9707F6435B}"
EndProject
Project("{8BC9CEB8-8B4A-11D0-8D11-00A0C91BC942}") = "Template1 (2)", "Template1 (2)\Template1 (2).vcxproj", "{D78B62BC-BA5E-449F-BC3C-02F0524C26B1}"
EndProject
Global
	GlobalSection(SolutionConfigurationPlatforms) = preSolution
		Debug|x64 = Debug|x64
		Debug|x86 = Debug|x86
		Release|x64 = Release|x64
		Release|x86 = Release|x86
	EndGlobalSection
	GlobalSection(ProjectConfigurationPlatforms) = postSolution
		{1E7202BF-D99B-44F1-B8DE-21B3FB0B35D6}.Debug|x64.ActiveCfg = Debug|x64
		{1E7202BF-D99B-44F1-B8DE-21B3FB0B35D6}.Debug|x64.Build.0 = Debug|x64
		{1E7202BF-D99B-44F1-B8DE-21B3FB0B35D6}.Debug|x86.ActiveCfg = Debug|Win32
		{1E7202BF-D99B-44F1-B8DE-21B3FB0B35D6}.Debug|x86.Build.0 = Debug|Win32
		{1E7202BF-D99B-44F1-B8DE-21B3FB0B35D6}.Release|x64.ActiveCfg = Release|x64
		{1E7202BF-D99B-44F1-B8DE-21B3FB0B35D6}.Release|x64.Build.0 = Release|x64
		{1E7202BF-D99B-44F1-B8DE-21B3FB0B35D6}.Release|x86.ActiveCfg = Release|Win32
		{1E7202BF-D99B-44F1-B8DE-21B3FB0B35D6}.Release|x86.Build.0 = Release|Win32
		{9805B6F4-889C-47B1-BCC3-BADC6772B31E}.Debug|x64.ActiveCfg = Debug|x64
		{9805B6F4-889C-47B1-BCC3-BADC6772B31E}.Debug|x64.Build.0 = Debug|x64
		{9805B6F4-889C-47B1-BCC3-BADC6772B31E}.Debug|x86.ActiveCfg = Debug|Win32
		{9805B6F4-889C-47B1-BCC3-BADC6772B31E}.Debug|x86.Build.0 = Debug|Win32
		{9805B6F4-889C-47B1-BCC3-BADC6772B31E}.Release|x64.ActiveCfg = Release|x64
		{9805B6F4-889C-47B1-BCC3-BADC6772B31E}.Release|x64.Build.0 = Release|x64
		{9805B6F4-889C-47B1-BCC3-BADC6772B31E}.Release|x86.ActiveCfg = Release|Win32
		{9805B6F4-889C-47B1-BCC3-BADC6772B31E}.Release|x86.Build.0 = Release|Win32
		{7DFF0C9E-2B02-46F7-84F7-8F8862BFE3DA}.Debug|x64.ActiveCfg = Debug|x64
		{7DFF0C9E-2B02-46F7-84F7-8F8862BFE3DA}.Debug|x64.Build.0 = Debug|x64
		{7DFF0C9E-2B02-46F7-84F7-8F8862BFE3DA}.Debug|x86.ActiveCfg = Debug|Win32
		{7DFF0C9E-2B02-46F7-84F7-8F8862BFE3DA}.Debug|x86.Build.0 = Debug|Win32
		{7DFF0C9E-2B02-46F7-84F7-8F8862BFE3DA}.Release|x64.ActiveCfg = Release|x64
		{7DFF0C9E-2B02-46F7-84F7-8F8862BFE3DA}.Release|x64.Build.0 = Release|x64
		{7DFF0C9E-2B02-46F7-84F7-8F8862BFE3DA}.Release|x86.ActiveCfg = Release|Win32
		{7DFF0C9E-2B02-46F7-84F7-8F8862BFE3DA}.Release|x86.Build.0 = Release|Win32
		{930606A1-EC1D-49B7-AE5F-735F377DEBB0}.Debug|x64.ActiveCfg = Debug|x64
		{930606A1-EC1D-49B7-AE5F-735F377DEBB0}.Debug|x64.Build.0 = Debug|x64
		{930606A1-EC1D-49B7-AE5F-735F377DEBB0}.Debug|x86.ActiveCfg = Debug|Win32
		{930606A1-EC1D-49B7-AE5F-735F377DEBB0}.Debug|x86.Build.0 = Debug|Win32
		{930606A1-EC1D-49B7-AE5F-735F377DEBB0}.Release|x64.ActiveCfg = Release|x64
		{930606A1-EC1D-49B7-AE5F-735F377DEBB0}.Release|x64.Build.0 = Release|x64
		{930606A1-EC1D-49B7-AE5F-735F377DEBB0}.Release|x86.ActiveCfg = Release|Win32
		{930606A1-EC1D-49B7-AE5F-735F377DEBB0}.Release|x86.Build.0 = Release|Win32
		{D1F47447-874F-41AB-9A9B-9CD4AAE1C2FE}.Debug|x64.ActiveCfg = Debug|x64
		{D1F47447-874F-41AB-9A9B-9CD4AAE1C2FE}.Debug|x64.Build.0 = Debug|x64
		{D1F47447-874F-41AB-9A9B-9CD4AAE1C2FE}.Debug|x86.ActiveCfg = Debug|Win32
		{D1F47447-874F-41AB-9A9B-9CD4AAE1C2FE}.Debug|x86.Build.0 = Debug|Win32
		{D1F47447-874F-41AB-9A9B-9CD4AAE1C2FE}.Release|x64.ActiveCfg = Release|x64
		{D1F47447-874F-41AB-9A9B-9CD4AAE1C2FE}.Release|x64.Build.0 = Release|x64
		{D1F47447-874F-41AB-9A9B-9CD4AAE1C2FE}.Release|x86.ActiveCfg = Release|Win32
		{D1F47447-874F-41AB-9A9B-9CD4AAE1C2FE}.Release|x86.Build.0 = Release|Win32
		{D3473758-9E39-44CB-B16B-9DEE167A2276}.Debug|x64.ActiveCfg = Debug|x64
		{D3473758-9E39-44CB-B16B-9DEE167A2276}.Debug|x64.Build.0 = Debug|x64
		{D3473758-9E39-44CB-B16B-9DEE167A2276}.Debug|x86.ActiveCfg = Debug|Win32
		{D3473758-9E39-44CB-B16B-9DEE167A2276}.Debug|x86.Build.0 = Debug|Win32
		{D3473758-9E39-44CB-B16B-9DEE167A2276}.Release|x64.ActiveCfg = Release|x64
		{D3473758-9E39-44CB-B16B-9DEE167A2276}.Release|x64.Build.0 = Release|x64
		{D3473758-9E39-44CB-B16B-9DEE167A2276}.Release|x86.ActiveCfg = Release|Win32
		{D3473758-9E39-44CB-B16B-9DEE167A2276}.Release|x86.Build.0 = Release|Win32
		{20BD3954-1514-4A3F-B8BC-AB4D97760B15}.Debug|x64.ActiveCfg = Debug|x64
		{20BD3954-1514-4A3F-B8BC-AB4D97760B15}.Debug|x64.Build.0 = Debug|x64
		{20BD3954-1514-4A3F-B8BC-AB4D97760B15}.Debug|x86.ActiveCfg = Debug|Win32
		{20BD3954-1514-4A3F-B8BC-AB4D97760B15}.Debug|x86.Build.0 = Debug|Win32
		{20BD3954-1514-4A3F-B8BC-AB4D97760B15}.Release|x64.ActiveCfg = Release|x64
		{20BD3954-1514-4A3F-B8BC-AB4D97760B15}.Release|x64.Build.0 = Release|x64
		{20BD3954-1514-4A3F-B8BC-AB4D97760B15}.Release|x86.ActiveCfg = Release|Win32
		{20BD3954-1514-4A3F-B8BC-AB4D97760B15}.Release|x86.Build.0 = Release|Win32
		{AC7D28C8-5314-4E62-9E6C-CE9707F6435B}.Debug|x64.ActiveCfg = Debug|x64
		{AC7D28C8-5314-4E62-9E6C-CE9707F6435B}.Debug|x64.Build.0 = Debug|x64
		{AC7D28C8-5314-4E62-9E6C-CE9707F6435B}.Debug|x86.ActiveCfg = Debug|Win32
		{AC7D28C8-5314-4E62-9E6C-CE9707F6435B}.Debug|x86.Build.0 = Debug|Win32
		{AC7D28C8-5314-4E62-9E6C-CE9707F6435B}.Release|x64.ActiveCfg = Release|x64
		{AC7D28C8-5314-4E62-9E6C-CE9707F6435B}.Release|x64.Build.0 = Release|x64
		{AC7D28C8-5314-4E62-9E6C-CE9707F6435B}.Release|x86.ActiveCfg = Release|Win32
		{AC7D28C8-5314-4E62-9E6C-CE9707F6435B}.Release|x86.Build.0 = Release|Win32
		{D78B62BC-BA5E-449F-BC3C-02F0524C26B1}.Debug|x64.ActiveCfg = Debug|x64
		{D78B62BC-BA5E-449F-BC3C-02F0524C26B1}.Debug|x64.Build.0 = Debug|x64
		{D78B62BC-BA5E-449F-BC3C-02F0524C26B1}.Debug|x86.ActiveCfg = Debug|Win32
		{D78B62BC-BA5E-449F-BC3C-02F0524C26B1}.Debug|x86.Build.0 = Debug|Win32
		{D78B62BC-BA5E-449F-BC3C-02F0524C26B1}.Release|x64.ActiveCfg = Release|x64
		{D78B62BC-BA5E-449F-BC3C-02F0524C26B1}.Release|x64.Build.0 = Release|x64
		{D78B62BC-BA5E-449F-BC3C-02F0524C26B1}.Release|x86.ActiveCfg = Release|Win32
		{D78B62BC-BA5E-449F-BC3C-02F0524C26B1}.Release|x86.Build.0 = Release|Win32
	EndGlobalSection
	GlobalSection(SolutionProperties) = preSolution
		HideSolutionNode = FALSE
	EndGlobalSection
	GlobalSection(ExtensibilityGlobals) = postSolution
		SolutionGuid = {429D55C4-B6B4-4A5C-808B-268D86A15804}
	EndGlobalSection
EndGlobal
