
Microsoft Visual Studio Solution File, Format Version 12.00
# Visual Studio Version 17
VisualStudioVersion = 17.6.33712.159
MinimumVisualStudioVersion = 10.0.40219.1
Project("{8BC9CEB8-8B4A-11D0-8D11-00A0C91BC942}") = "DAONGUOC", "String (Chuỗi)\String (Chuỗi).vcxproj", "{751778D0-B667-492A-8C50-1A61AC3125F2}"
EndProject
Project("{8BC9CEB8-8B4A-11D0-8D11-00A0C91BC942}") = "DAONGUOC1", "DAONGUOC1\DAONGUOC1.vcxproj", "{2453B4C1-9CAC-46C0-BEA7-AD13B0D98A35}"
EndProject
Project("{8BC9CEB8-8B4A-11D0-8D11-00A0C91BC942}") = "DAONGUOC2", "DAONGUOC2\DAONGUOC2.vcxproj", "{1882E1DC-A72A-47E7-AAAB-66D30691AD6B}"
EndProject
Project("{8BC9CEB8-8B4A-11D0-8D11-00A0C91BC942}") = "DAONGUOC3", "DAONGUOC3\DAONGUOC3.vcxproj", "{08107B79-A687-4585-A8E5-368A5A50FD3F}"
EndProject
Project("{8BC9CEB8-8B4A-11D0-8D11-00A0C91BC942}") = "NGOACDUNG", "NGOACDUNG\NGOACDUNG.vcxproj", "{2625A15B-17D1-4A3D-B64E-00F03A60FE1B}"
EndProject
Project("{8BC9CEB8-8B4A-11D0-8D11-00A0C91BC942}") = "DOIXUNG", "DOIXUNG\DOIXUNG.vcxproj", "{32FCBB01-3557-4385-813A-008BA2B97AFA}"
EndProject
Project("{8BC9CEB8-8B4A-11D0-8D11-00A0C91BC942}") = "SoPalindrom", "SoPalindrom\SoPalindrom.vcxproj", "{FF60EA7F-2EFE-473A-A66D-C7623AE1E4A2}"
EndProject
Project("{8BC9CEB8-8B4A-11D0-8D11-00A0C91BC942}") = "HPalindrome", "HPalindrome\HPalindrome.vcxproj", "{D8674FC0-879E-4C91-9551-CD092768F496}"
EndProject
Project("{8BC9CEB8-8B4A-11D0-8D11-00A0C91BC942}") = "XOACHUOI", "XOACHUOI\XOACHUOI.vcxproj", "{EF8483DF-1B17-4E8D-B09E-FC7FE7804307}"
EndProject
Project("{8BC9CEB8-8B4A-11D0-8D11-00A0C91BC942}") = "DEMCHUOI", "DEMCHUOI\DEMCHUOI.vcxproj", "{F7EAF3B3-A59F-47D7-B36F-5ECD2B4AAB64}"
EndProject
Project("{8BC9CEB8-8B4A-11D0-8D11-00A0C91BC942}") = "CHUSOTANCUNG", "CHUSOTANCUNG\CHUSOTANCUNG.vcxproj", "{B0646A82-E5C6-4B8B-BDDE-59280B6595AE}"
EndProject
Project("{8BC9CEB8-8B4A-11D0-8D11-00A0C91BC942}") = "STRINGPBRK", "STRINGPBRK\STRINGPBRK.vcxproj", "{2BDD56B8-7FAD-44E2-B34E-9EDF36A7C605}"
EndProject
Project("{8BC9CEB8-8B4A-11D0-8D11-00A0C91BC942}") = "MINIGAME18.2TACHSO", "MINIGAME18.2TACHSO\MINIGAME18.2TACHSO.vcxproj", "{AF4BBB56-67BB-4398-82B8-D7DF6BCE80DE}"
EndProject
Project("{8BC9CEB8-8B4A-11D0-8D11-00A0C91BC942}") = "MINIGAME19.2HOTEN", "MINIGAME19.2HOTEN\MINIGAME19.2HOTEN.vcxproj", "{1AB96A00-4AF6-4880-A85C-FFE7D964662A}"
EndProject
Project("{8BC9CEB8-8B4A-11D0-8D11-00A0C91BC942}") = "NUMCOUNT", "NUMCOUNT\NUMCOUNT.vcxproj", "{3FC8F6AB-8929-4304-80BC-CCBB1584F721}"
EndProject
Project("{8BC9CEB8-8B4A-11D0-8D11-00A0C91BC942}") = "LOGIN_UP", "LOGIN_UP\LOGIN_UP.vcxproj", "{3557D183-A921-488D-89C0-8AE4175E4EEF}"
EndProject
Project("{8BC9CEB8-8B4A-11D0-8D11-00A0C91BC942}") = "LOGIN_UP2", "LOGIN_UP2\LOGIN_UP2.vcxproj", "{82D25F02-1E7B-4B13-B8D7-BD8F2F2F3A34}"
EndProject
Project("{8BC9CEB8-8B4A-11D0-8D11-00A0C91BC942}") = "HAPPYNEWYEAR", "HAPPYNEWYEAR\HAPPYNEWYEAR.vcxproj", "{D31C585D-4DA2-456C-94AD-EABEE17B03AA}"
EndProject
Project("{8BC9CEB8-8B4A-11D0-8D11-00A0C91BC942}") = "Capitalize", "Capitalize\Capitalize.vcxproj", "{E11B5CC8-F2A8-40D0-941B-5A28DF0D6F5B}"
EndProject
Project("{8BC9CEB8-8B4A-11D0-8D11-00A0C91BC942}") = "1718_2_LTNC_Midterm_02", "1718_2_LTNC_Midterm_02\1718_2_LTNC_Midterm_02.vcxproj", "{9E4508E0-5558-4CC2-96F1-7ADF4FE59918}"
EndProject
Project("{8BC9CEB8-8B4A-11D0-8D11-00A0C91BC942}") = "DAYNP", "DAYNP\DAYNP.vcxproj", "{E63EB3DD-2E45-4934-A1D4-4DFEA493B3EC}"
EndProject
Project("{8BC9CEB8-8B4A-11D0-8D11-00A0C91BC942}") = "MAMONHOC", "MAMONHOC\MAMONHOC.vcxproj", "{54CD90C4-1D15-4481-A8B1-33143D197D93}"
EndProject
Project("{8BC9CEB8-8B4A-11D0-8D11-00A0C91BC942}") = "r1b2.DOIXUNG2", "r1b2.DOIXUNG2\r1b2.DOIXUNG2.vcxproj", "{22B58434-812B-4A3D-B29C-6ACDA46A565F}"
EndProject
Project("{8BC9CEB8-8B4A-11D0-8D11-00A0C91BC942}") = "[LTNC]Final04", "[LTNC]Final04\[LTNC]Final04.vcxproj", "{93746BA2-F47B-4C81-9374-E85F3D3E232E}"
EndProject
Project("{8BC9CEB8-8B4A-11D0-8D11-00A0C91BC942}") = "DemSoLuongKyTuVaTaoEmail", "DemSoLuongKyTuVaTaoEmail\DemSoLuongKyTuVaTaoEmail.vcxproj", "{B0440529-B0A1-4D26-A359-3CEAC9F0BACB}"
EndProject
Global
	GlobalSection(SolutionConfigurationPlatforms) = preSolution
		Debug|x64 = Debug|x64
		Debug|x86 = Debug|x86
		Release|x64 = Release|x64
		Release|x86 = Release|x86
	EndGlobalSection
	GlobalSection(ProjectConfigurationPlatforms) = postSolution
		{751778D0-B667-492A-8C50-1A61AC3125F2}.Debug|x64.ActiveCfg = Debug|x64
		{751778D0-B667-492A-8C50-1A61AC3125F2}.Debug|x64.Build.0 = Debug|x64
		{751778D0-B667-492A-8C50-1A61AC3125F2}.Debug|x86.ActiveCfg = Debug|Win32
		{751778D0-B667-492A-8C50-1A61AC3125F2}.Debug|x86.Build.0 = Debug|Win32
		{751778D0-B667-492A-8C50-1A61AC3125F2}.Release|x64.ActiveCfg = Release|x64
		{751778D0-B667-492A-8C50-1A61AC3125F2}.Release|x64.Build.0 = Release|x64
		{751778D0-B667-492A-8C50-1A61AC3125F2}.Release|x86.ActiveCfg = Release|Win32
		{751778D0-B667-492A-8C50-1A61AC3125F2}.Release|x86.Build.0 = Release|Win32
		{2453B4C1-9CAC-46C0-BEA7-AD13B0D98A35}.Debug|x64.ActiveCfg = Debug|x64
		{2453B4C1-9CAC-46C0-BEA7-AD13B0D98A35}.Debug|x64.Build.0 = Debug|x64
		{2453B4C1-9CAC-46C0-BEA7-AD13B0D98A35}.Debug|x86.ActiveCfg = Debug|Win32
		{2453B4C1-9CAC-46C0-BEA7-AD13B0D98A35}.Debug|x86.Build.0 = Debug|Win32
		{2453B4C1-9CAC-46C0-BEA7-AD13B0D98A35}.Release|x64.ActiveCfg = Release|x64
		{2453B4C1-9CAC-46C0-BEA7-AD13B0D98A35}.Release|x64.Build.0 = Release|x64
		{2453B4C1-9CAC-46C0-BEA7-AD13B0D98A35}.Release|x86.ActiveCfg = Release|Win32
		{2453B4C1-9CAC-46C0-BEA7-AD13B0D98A35}.Release|x86.Build.0 = Release|Win32
		{1882E1DC-A72A-47E7-AAAB-66D30691AD6B}.Debug|x64.ActiveCfg = Debug|x64
		{1882E1DC-A72A-47E7-AAAB-66D30691AD6B}.Debug|x64.Build.0 = Debug|x64
		{1882E1DC-A72A-47E7-AAAB-66D30691AD6B}.Debug|x86.ActiveCfg = Debug|Win32
		{1882E1DC-A72A-47E7-AAAB-66D30691AD6B}.Debug|x86.Build.0 = Debug|Win32
		{1882E1DC-A72A-47E7-AAAB-66D30691AD6B}.Release|x64.ActiveCfg = Release|x64
		{1882E1DC-A72A-47E7-AAAB-66D30691AD6B}.Release|x64.Build.0 = Release|x64
		{1882E1DC-A72A-47E7-AAAB-66D30691AD6B}.Release|x86.ActiveCfg = Release|Win32
		{1882E1DC-A72A-47E7-AAAB-66D30691AD6B}.Release|x86.Build.0 = Release|Win32
		{08107B79-A687-4585-A8E5-368A5A50FD3F}.Debug|x64.ActiveCfg = Debug|x64
		{08107B79-A687-4585-A8E5-368A5A50FD3F}.Debug|x64.Build.0 = Debug|x64
		{08107B79-A687-4585-A8E5-368A5A50FD3F}.Debug|x86.ActiveCfg = Debug|Win32
		{08107B79-A687-4585-A8E5-368A5A50FD3F}.Debug|x86.Build.0 = Debug|Win32
		{08107B79-A687-4585-A8E5-368A5A50FD3F}.Release|x64.ActiveCfg = Release|x64
		{08107B79-A687-4585-A8E5-368A5A50FD3F}.Release|x64.Build.0 = Release|x64
		{08107B79-A687-4585-A8E5-368A5A50FD3F}.Release|x86.ActiveCfg = Release|Win32
		{08107B79-A687-4585-A8E5-368A5A50FD3F}.Release|x86.Build.0 = Release|Win32
		{2625A15B-17D1-4A3D-B64E-00F03A60FE1B}.Debug|x64.ActiveCfg = Debug|x64
		{2625A15B-17D1-4A3D-B64E-00F03A60FE1B}.Debug|x64.Build.0 = Debug|x64
		{2625A15B-17D1-4A3D-B64E-00F03A60FE1B}.Debug|x86.ActiveCfg = Debug|Win32
		{2625A15B-17D1-4A3D-B64E-00F03A60FE1B}.Debug|x86.Build.0 = Debug|Win32
		{2625A15B-17D1-4A3D-B64E-00F03A60FE1B}.Release|x64.ActiveCfg = Release|x64
		{2625A15B-17D1-4A3D-B64E-00F03A60FE1B}.Release|x64.Build.0 = Release|x64
		{2625A15B-17D1-4A3D-B64E-00F03A60FE1B}.Release|x86.ActiveCfg = Release|Win32
		{2625A15B-17D1-4A3D-B64E-00F03A60FE1B}.Release|x86.Build.0 = Release|Win32
		{32FCBB01-3557-4385-813A-008BA2B97AFA}.Debug|x64.ActiveCfg = Debug|x64
		{32FCBB01-3557-4385-813A-008BA2B97AFA}.Debug|x64.Build.0 = Debug|x64
		{32FCBB01-3557-4385-813A-008BA2B97AFA}.Debug|x86.ActiveCfg = Debug|Win32
		{32FCBB01-3557-4385-813A-008BA2B97AFA}.Debug|x86.Build.0 = Debug|Win32
		{32FCBB01-3557-4385-813A-008BA2B97AFA}.Release|x64.ActiveCfg = Release|x64
		{32FCBB01-3557-4385-813A-008BA2B97AFA}.Release|x64.Build.0 = Release|x64
		{32FCBB01-3557-4385-813A-008BA2B97AFA}.Release|x86.ActiveCfg = Release|Win32
		{32FCBB01-3557-4385-813A-008BA2B97AFA}.Release|x86.Build.0 = Release|Win32
		{FF60EA7F-2EFE-473A-A66D-C7623AE1E4A2}.Debug|x64.ActiveCfg = Debug|x64
		{FF60EA7F-2EFE-473A-A66D-C7623AE1E4A2}.Debug|x64.Build.0 = Debug|x64
		{FF60EA7F-2EFE-473A-A66D-C7623AE1E4A2}.Debug|x86.ActiveCfg = Debug|Win32
		{FF60EA7F-2EFE-473A-A66D-C7623AE1E4A2}.Debug|x86.Build.0 = Debug|Win32
		{FF60EA7F-2EFE-473A-A66D-C7623AE1E4A2}.Release|x64.ActiveCfg = Release|x64
		{FF60EA7F-2EFE-473A-A66D-C7623AE1E4A2}.Release|x64.Build.0 = Release|x64
		{FF60EA7F-2EFE-473A-A66D-C7623AE1E4A2}.Release|x86.ActiveCfg = Release|Win32
		{FF60EA7F-2EFE-473A-A66D-C7623AE1E4A2}.Release|x86.Build.0 = Release|Win32
		{D8674FC0-879E-4C91-9551-CD092768F496}.Debug|x64.ActiveCfg = Debug|x64
		{D8674FC0-879E-4C91-9551-CD092768F496}.Debug|x64.Build.0 = Debug|x64
		{D8674FC0-879E-4C91-9551-CD092768F496}.Debug|x86.ActiveCfg = Debug|Win32
		{D8674FC0-879E-4C91-9551-CD092768F496}.Debug|x86.Build.0 = Debug|Win32
		{D8674FC0-879E-4C91-9551-CD092768F496}.Release|x64.ActiveCfg = Release|x64
		{D8674FC0-879E-4C91-9551-CD092768F496}.Release|x64.Build.0 = Release|x64
		{D8674FC0-879E-4C91-9551-CD092768F496}.Release|x86.ActiveCfg = Release|Win32
		{D8674FC0-879E-4C91-9551-CD092768F496}.Release|x86.Build.0 = Release|Win32
		{EF8483DF-1B17-4E8D-B09E-FC7FE7804307}.Debug|x64.ActiveCfg = Debug|x64
		{EF8483DF-1B17-4E8D-B09E-FC7FE7804307}.Debug|x64.Build.0 = Debug|x64
		{EF8483DF-1B17-4E8D-B09E-FC7FE7804307}.Debug|x86.ActiveCfg = Debug|Win32
		{EF8483DF-1B17-4E8D-B09E-FC7FE7804307}.Debug|x86.Build.0 = Debug|Win32
		{EF8483DF-1B17-4E8D-B09E-FC7FE7804307}.Release|x64.ActiveCfg = Release|x64
		{EF8483DF-1B17-4E8D-B09E-FC7FE7804307}.Release|x64.Build.0 = Release|x64
		{EF8483DF-1B17-4E8D-B09E-FC7FE7804307}.Release|x86.ActiveCfg = Release|Win32
		{EF8483DF-1B17-4E8D-B09E-FC7FE7804307}.Release|x86.Build.0 = Release|Win32
		{F7EAF3B3-A59F-47D7-B36F-5ECD2B4AAB64}.Debug|x64.ActiveCfg = Debug|x64
		{F7EAF3B3-A59F-47D7-B36F-5ECD2B4AAB64}.Debug|x64.Build.0 = Debug|x64
		{F7EAF3B3-A59F-47D7-B36F-5ECD2B4AAB64}.Debug|x86.ActiveCfg = Debug|Win32
		{F7EAF3B3-A59F-47D7-B36F-5ECD2B4AAB64}.Debug|x86.Build.0 = Debug|Win32
		{F7EAF3B3-A59F-47D7-B36F-5ECD2B4AAB64}.Release|x64.ActiveCfg = Release|x64
		{F7EAF3B3-A59F-47D7-B36F-5ECD2B4AAB64}.Release|x64.Build.0 = Release|x64
		{F7EAF3B3-A59F-47D7-B36F-5ECD2B4AAB64}.Release|x86.ActiveCfg = Release|Win32
		{F7EAF3B3-A59F-47D7-B36F-5ECD2B4AAB64}.Release|x86.Build.0 = Release|Win32
		{B0646A82-E5C6-4B8B-BDDE-59280B6595AE}.Debug|x64.ActiveCfg = Debug|x64
		{B0646A82-E5C6-4B8B-BDDE-59280B6595AE}.Debug|x64.Build.0 = Debug|x64
		{B0646A82-E5C6-4B8B-BDDE-59280B6595AE}.Debug|x86.ActiveCfg = Debug|Win32
		{B0646A82-E5C6-4B8B-BDDE-59280B6595AE}.Debug|x86.Build.0 = Debug|Win32
		{B0646A82-E5C6-4B8B-BDDE-59280B6595AE}.Release|x64.ActiveCfg = Release|x64
		{B0646A82-E5C6-4B8B-BDDE-59280B6595AE}.Release|x64.Build.0 = Release|x64
		{B0646A82-E5C6-4B8B-BDDE-59280B6595AE}.Release|x86.ActiveCfg = Release|Win32
		{B0646A82-E5C6-4B8B-BDDE-59280B6595AE}.Release|x86.Build.0 = Release|Win32
		{2BDD56B8-7FAD-44E2-B34E-9EDF36A7C605}.Debug|x64.ActiveCfg = Debug|x64
		{2BDD56B8-7FAD-44E2-B34E-9EDF36A7C605}.Debug|x64.Build.0 = Debug|x64
		{2BDD56B8-7FAD-44E2-B34E-9EDF36A7C605}.Debug|x86.ActiveCfg = Debug|Win32
		{2BDD56B8-7FAD-44E2-B34E-9EDF36A7C605}.Debug|x86.Build.0 = Debug|Win32
		{2BDD56B8-7FAD-44E2-B34E-9EDF36A7C605}.Release|x64.ActiveCfg = Release|x64
		{2BDD56B8-7FAD-44E2-B34E-9EDF36A7C605}.Release|x64.Build.0 = Release|x64
		{2BDD56B8-7FAD-44E2-B34E-9EDF36A7C605}.Release|x86.ActiveCfg = Release|Win32
		{2BDD56B8-7FAD-44E2-B34E-9EDF36A7C605}.Release|x86.Build.0 = Release|Win32
		{AF4BBB56-67BB-4398-82B8-D7DF6BCE80DE}.Debug|x64.ActiveCfg = Debug|x64
		{AF4BBB56-67BB-4398-82B8-D7DF6BCE80DE}.Debug|x64.Build.0 = Debug|x64
		{AF4BBB56-67BB-4398-82B8-D7DF6BCE80DE}.Debug|x86.ActiveCfg = Debug|Win32
		{AF4BBB56-67BB-4398-82B8-D7DF6BCE80DE}.Debug|x86.Build.0 = Debug|Win32
		{AF4BBB56-67BB-4398-82B8-D7DF6BCE80DE}.Release|x64.ActiveCfg = Release|x64
		{AF4BBB56-67BB-4398-82B8-D7DF6BCE80DE}.Release|x64.Build.0 = Release|x64
		{AF4BBB56-67BB-4398-82B8-D7DF6BCE80DE}.Release|x86.ActiveCfg = Release|Win32
		{AF4BBB56-67BB-4398-82B8-D7DF6BCE80DE}.Release|x86.Build.0 = Release|Win32
		{1AB96A00-4AF6-4880-A85C-FFE7D964662A}.Debug|x64.ActiveCfg = Debug|x64
		{1AB96A00-4AF6-4880-A85C-FFE7D964662A}.Debug|x64.Build.0 = Debug|x64
		{1AB96A00-4AF6-4880-A85C-FFE7D964662A}.Debug|x86.ActiveCfg = Debug|Win32
		{1AB96A00-4AF6-4880-A85C-FFE7D964662A}.Debug|x86.Build.0 = Debug|Win32
		{1AB96A00-4AF6-4880-A85C-FFE7D964662A}.Release|x64.ActiveCfg = Release|x64
		{1AB96A00-4AF6-4880-A85C-FFE7D964662A}.Release|x64.Build.0 = Release|x64
		{1AB96A00-4AF6-4880-A85C-FFE7D964662A}.Release|x86.ActiveCfg = Release|Win32
		{1AB96A00-4AF6-4880-A85C-FFE7D964662A}.Release|x86.Build.0 = Release|Win32
		{3FC8F6AB-8929-4304-80BC-CCBB1584F721}.Debug|x64.ActiveCfg = Debug|x64
		{3FC8F6AB-8929-4304-80BC-CCBB1584F721}.Debug|x64.Build.0 = Debug|x64
		{3FC8F6AB-8929-4304-80BC-CCBB1584F721}.Debug|x86.ActiveCfg = Debug|Win32
		{3FC8F6AB-8929-4304-80BC-CCBB1584F721}.Debug|x86.Build.0 = Debug|Win32
		{3FC8F6AB-8929-4304-80BC-CCBB1584F721}.Release|x64.ActiveCfg = Release|x64
		{3FC8F6AB-8929-4304-80BC-CCBB1584F721}.Release|x64.Build.0 = Release|x64
		{3FC8F6AB-8929-4304-80BC-CCBB1584F721}.Release|x86.ActiveCfg = Release|Win32
		{3FC8F6AB-8929-4304-80BC-CCBB1584F721}.Release|x86.Build.0 = Release|Win32
		{3557D183-A921-488D-89C0-8AE4175E4EEF}.Debug|x64.ActiveCfg = Debug|x64
		{3557D183-A921-488D-89C0-8AE4175E4EEF}.Debug|x64.Build.0 = Debug|x64
		{3557D183-A921-488D-89C0-8AE4175E4EEF}.Debug|x86.ActiveCfg = Debug|Win32
		{3557D183-A921-488D-89C0-8AE4175E4EEF}.Debug|x86.Build.0 = Debug|Win32
		{3557D183-A921-488D-89C0-8AE4175E4EEF}.Release|x64.ActiveCfg = Release|x64
		{3557D183-A921-488D-89C0-8AE4175E4EEF}.Release|x64.Build.0 = Release|x64
		{3557D183-A921-488D-89C0-8AE4175E4EEF}.Release|x86.ActiveCfg = Release|Win32
		{3557D183-A921-488D-89C0-8AE4175E4EEF}.Release|x86.Build.0 = Release|Win32
		{82D25F02-1E7B-4B13-B8D7-BD8F2F2F3A34}.Debug|x64.ActiveCfg = Debug|x64
		{82D25F02-1E7B-4B13-B8D7-BD8F2F2F3A34}.Debug|x64.Build.0 = Debug|x64
		{82D25F02-1E7B-4B13-B8D7-BD8F2F2F3A34}.Debug|x86.ActiveCfg = Debug|Win32
		{82D25F02-1E7B-4B13-B8D7-BD8F2F2F3A34}.Debug|x86.Build.0 = Debug|Win32
		{82D25F02-1E7B-4B13-B8D7-BD8F2F2F3A34}.Release|x64.ActiveCfg = Release|x64
		{82D25F02-1E7B-4B13-B8D7-BD8F2F2F3A34}.Release|x64.Build.0 = Release|x64
		{82D25F02-1E7B-4B13-B8D7-BD8F2F2F3A34}.Release|x86.ActiveCfg = Release|Win32
		{82D25F02-1E7B-4B13-B8D7-BD8F2F2F3A34}.Release|x86.Build.0 = Release|Win32
		{D31C585D-4DA2-456C-94AD-EABEE17B03AA}.Debug|x64.ActiveCfg = Debug|x64
		{D31C585D-4DA2-456C-94AD-EABEE17B03AA}.Debug|x64.Build.0 = Debug|x64
		{D31C585D-4DA2-456C-94AD-EABEE17B03AA}.Debug|x86.ActiveCfg = Debug|Win32
		{D31C585D-4DA2-456C-94AD-EABEE17B03AA}.Debug|x86.Build.0 = Debug|Win32
		{D31C585D-4DA2-456C-94AD-EABEE17B03AA}.Release|x64.ActiveCfg = Release|x64
		{D31C585D-4DA2-456C-94AD-EABEE17B03AA}.Release|x64.Build.0 = Release|x64
		{D31C585D-4DA2-456C-94AD-EABEE17B03AA}.Release|x86.ActiveCfg = Release|Win32
		{D31C585D-4DA2-456C-94AD-EABEE17B03AA}.Release|x86.Build.0 = Release|Win32
		{E11B5CC8-F2A8-40D0-941B-5A28DF0D6F5B}.Debug|x64.ActiveCfg = Debug|x64
		{E11B5CC8-F2A8-40D0-941B-5A28DF0D6F5B}.Debug|x64.Build.0 = Debug|x64
		{E11B5CC8-F2A8-40D0-941B-5A28DF0D6F5B}.Debug|x86.ActiveCfg = Debug|Win32
		{E11B5CC8-F2A8-40D0-941B-5A28DF0D6F5B}.Debug|x86.Build.0 = Debug|Win32
		{E11B5CC8-F2A8-40D0-941B-5A28DF0D6F5B}.Release|x64.ActiveCfg = Release|x64
		{E11B5CC8-F2A8-40D0-941B-5A28DF0D6F5B}.Release|x64.Build.0 = Release|x64
		{E11B5CC8-F2A8-40D0-941B-5A28DF0D6F5B}.Release|x86.ActiveCfg = Release|Win32
		{E11B5CC8-F2A8-40D0-941B-5A28DF0D6F5B}.Release|x86.Build.0 = Release|Win32
		{9E4508E0-5558-4CC2-96F1-7ADF4FE59918}.Debug|x64.ActiveCfg = Debug|x64
		{9E4508E0-5558-4CC2-96F1-7ADF4FE59918}.Debug|x64.Build.0 = Debug|x64
		{9E4508E0-5558-4CC2-96F1-7ADF4FE59918}.Debug|x86.ActiveCfg = Debug|Win32
		{9E4508E0-5558-4CC2-96F1-7ADF4FE59918}.Debug|x86.Build.0 = Debug|Win32
		{9E4508E0-5558-4CC2-96F1-7ADF4FE59918}.Release|x64.ActiveCfg = Release|x64
		{9E4508E0-5558-4CC2-96F1-7ADF4FE59918}.Release|x64.Build.0 = Release|x64
		{9E4508E0-5558-4CC2-96F1-7ADF4FE59918}.Release|x86.ActiveCfg = Release|Win32
		{9E4508E0-5558-4CC2-96F1-7ADF4FE59918}.Release|x86.Build.0 = Release|Win32
		{E63EB3DD-2E45-4934-A1D4-4DFEA493B3EC}.Debug|x64.ActiveCfg = Debug|x64
		{E63EB3DD-2E45-4934-A1D4-4DFEA493B3EC}.Debug|x64.Build.0 = Debug|x64
		{E63EB3DD-2E45-4934-A1D4-4DFEA493B3EC}.Debug|x86.ActiveCfg = Debug|Win32
		{E63EB3DD-2E45-4934-A1D4-4DFEA493B3EC}.Debug|x86.Build.0 = Debug|Win32
		{E63EB3DD-2E45-4934-A1D4-4DFEA493B3EC}.Release|x64.ActiveCfg = Release|x64
		{E63EB3DD-2E45-4934-A1D4-4DFEA493B3EC}.Release|x64.Build.0 = Release|x64
		{E63EB3DD-2E45-4934-A1D4-4DFEA493B3EC}.Release|x86.ActiveCfg = Release|Win32
		{E63EB3DD-2E45-4934-A1D4-4DFEA493B3EC}.Release|x86.Build.0 = Release|Win32
		{54CD90C4-1D15-4481-A8B1-33143D197D93}.Debug|x64.ActiveCfg = Debug|x64
		{54CD90C4-1D15-4481-A8B1-33143D197D93}.Debug|x64.Build.0 = Debug|x64
		{54CD90C4-1D15-4481-A8B1-33143D197D93}.Debug|x86.ActiveCfg = Debug|Win32
		{54CD90C4-1D15-4481-A8B1-33143D197D93}.Debug|x86.Build.0 = Debug|Win32
		{54CD90C4-1D15-4481-A8B1-33143D197D93}.Release|x64.ActiveCfg = Release|x64
		{54CD90C4-1D15-4481-A8B1-33143D197D93}.Release|x64.Build.0 = Release|x64
		{54CD90C4-1D15-4481-A8B1-33143D197D93}.Release|x86.ActiveCfg = Release|Win32
		{54CD90C4-1D15-4481-A8B1-33143D197D93}.Release|x86.Build.0 = Release|Win32
		{22B58434-812B-4A3D-B29C-6ACDA46A565F}.Debug|x64.ActiveCfg = Debug|x64
		{22B58434-812B-4A3D-B29C-6ACDA46A565F}.Debug|x64.Build.0 = Debug|x64
		{22B58434-812B-4A3D-B29C-6ACDA46A565F}.Debug|x86.ActiveCfg = Debug|Win32
		{22B58434-812B-4A3D-B29C-6ACDA46A565F}.Debug|x86.Build.0 = Debug|Win32
		{22B58434-812B-4A3D-B29C-6ACDA46A565F}.Release|x64.ActiveCfg = Release|x64
		{22B58434-812B-4A3D-B29C-6ACDA46A565F}.Release|x64.Build.0 = Release|x64
		{22B58434-812B-4A3D-B29C-6ACDA46A565F}.Release|x86.ActiveCfg = Release|Win32
		{22B58434-812B-4A3D-B29C-6ACDA46A565F}.Release|x86.Build.0 = Release|Win32
		{93746BA2-F47B-4C81-9374-E85F3D3E232E}.Debug|x64.ActiveCfg = Debug|x64
		{93746BA2-F47B-4C81-9374-E85F3D3E232E}.Debug|x64.Build.0 = Debug|x64
		{93746BA2-F47B-4C81-9374-E85F3D3E232E}.Debug|x86.ActiveCfg = Debug|Win32
		{93746BA2-F47B-4C81-9374-E85F3D3E232E}.Debug|x86.Build.0 = Debug|Win32
		{93746BA2-F47B-4C81-9374-E85F3D3E232E}.Release|x64.ActiveCfg = Release|x64
		{93746BA2-F47B-4C81-9374-E85F3D3E232E}.Release|x64.Build.0 = Release|x64
		{93746BA2-F47B-4C81-9374-E85F3D3E232E}.Release|x86.ActiveCfg = Release|Win32
		{93746BA2-F47B-4C81-9374-E85F3D3E232E}.Release|x86.Build.0 = Release|Win32
		{B0440529-B0A1-4D26-A359-3CEAC9F0BACB}.Debug|x64.ActiveCfg = Debug|x64
		{B0440529-B0A1-4D26-A359-3CEAC9F0BACB}.Debug|x64.Build.0 = Debug|x64
		{B0440529-B0A1-4D26-A359-3CEAC9F0BACB}.Debug|x86.ActiveCfg = Debug|Win32
		{B0440529-B0A1-4D26-A359-3CEAC9F0BACB}.Debug|x86.Build.0 = Debug|Win32
		{B0440529-B0A1-4D26-A359-3CEAC9F0BACB}.Release|x64.ActiveCfg = Release|x64
		{B0440529-B0A1-4D26-A359-3CEAC9F0BACB}.Release|x64.Build.0 = Release|x64
		{B0440529-B0A1-4D26-A359-3CEAC9F0BACB}.Release|x86.ActiveCfg = Release|Win32
		{B0440529-B0A1-4D26-A359-3CEAC9F0BACB}.Release|x86.Build.0 = Release|Win32
	EndGlobalSection
	GlobalSection(SolutionProperties) = preSolution
		HideSolutionNode = FALSE
	EndGlobalSection
	GlobalSection(ExtensibilityGlobals) = postSolution
		SolutionGuid = {A8438578-B5E4-4288-85D4-5813103F3F74}
	EndGlobalSection
EndGlobal
